
Microsoft Visual Studio Solution File, Format Version 12.00
# Visual Studio 14
VisualStudioVersion = 14.0.25420.1
MinimumVisualStudioVersion = 10.0.40219.1
Project("{FAE04EC0-301F-11D3-BF4B-00C04F79EFBC}") = "Teht01", "Teht01\Teht01.csproj", "{9BA15660-898A-4ED1-B360-495867878DD5}"
EndProject
Project("{FAE04EC0-301F-11D3-BF4B-00C04F79EFBC}") = "Teht01b", "Teht01b\Teht01b.csproj", "{07230038-D0DF-4660-B0CE-203E7E812742}"
EndProject
Project("{FAE04EC0-301F-11D3-BF4B-00C04F79EFBC}") = "Teht02", "Teht02\Teht02.csproj", "{45BD3E65-5329-4483-BA63-7A45721FF15C}"
EndProject
Project("{FAE04EC0-301F-11D3-BF4B-00C04F79EFBC}") = "Teht03", "Teht03\Teht03.csproj", "{9FF83188-90D8-40D0-A59D-A722D5A2E4BF}"
EndProject
Project("{FAE04EC0-301F-11D3-BF4B-00C04F79EFBC}") = "Teht04", "Teht04\Teht04.csproj", "{D873BB4E-71A3-4E12-8162-F748D58E7CF4}"
EndProject
Project("{FAE04EC0-301F-11D3-BF4B-00C04F79EFBC}") = "Teht05", "Teht05\Teht05.csproj", "{F06E0C6C-669D-451C-93FF-BDA786FE2870}"
EndProject
Project("{FAE04EC0-301F-11D3-BF4B-00C04F79EFBC}") = "Teht06", "Teht06\Teht06.csproj", "{74CCFB36-957E-4413-A677-759388E63326}"
EndProject
Project("{FAE04EC0-301F-11D3-BF4B-00C04F79EFBC}") = "Teht07", "Teht07\Teht07.csproj", "{B94ACA70-7F8A-4CB0-A56F-6C6685B0A247}"
EndProject
Project("{FAE04EC0-301F-11D3-BF4B-00C04F79EFBC}") = "Teht08", "Teht08\Teht08.csproj", "{7F326F03-2932-422B-9981-86103A330508}"
EndProject
Project("{FAE04EC0-301F-11D3-BF4B-00C04F79EFBC}") = "Teht09", "Teht09\Teht09.csproj", "{75D096FA-62B9-42DB-A206-6A07A5557041}"
EndProject
Project("{FAE04EC0-301F-11D3-BF4B-00C04F79EFBC}") = "Teht10", "Teht10\Teht10.csproj", "{B535C636-E9A7-42F9-9AD7-5DFC144D7D60}"
EndProject
Project("{FAE04EC0-301F-11D3-BF4B-00C04F79EFBC}") = "Teht11", "Teht11\Teht11.csproj", "{874DAA2A-0896-46C3-A63A-0999EB22D795}"
EndProject
Project("{FAE04EC0-301F-11D3-BF4B-00C04F79EFBC}") = "Teht12", "Teht12\Teht12.csproj", "{1589F8F4-A174-4547-BFDE-B69E18E4C74A}"
EndProject
Project("{FAE04EC0-301F-11D3-BF4B-00C04F79EFBC}") = "Teht13", "Teht13\Teht13.csproj", "{77374A7D-9022-4B7D-B4F7-E5C27847E30B}"
EndProject
Project("{FAE04EC0-301F-11D3-BF4B-00C04F79EFBC}") = "Teht14", "Teht14\Teht14.csproj", "{4BA41603-42D3-4D62-92D4-435BB0597B66}"
EndProject
Project("{FAE04EC0-301F-11D3-BF4B-00C04F79EFBC}") = "Teht15", "Teht15\Teht15.csproj", "{A66B7C08-92A2-493E-AABB-EFFD5A6B3F1B}"
EndProject
Project("{FAE04EC0-301F-11D3-BF4B-00C04F79EFBC}") = "Teht16", "Teht16\Teht16.csproj", "{77961A67-8228-4A56-9DDC-BDC6BD1C014C}"
EndProject
Project("{FAE04EC0-301F-11D3-BF4B-00C04F79EFBC}") = "Teht17", "Teht17\Teht17.csproj", "{4EBAA4F6-B05B-478B-BA67-4643111E00CA}"
EndProject
Project("{FAE04EC0-301F-11D3-BF4B-00C04F79EFBC}") = "Teht18", "Teht18\Teht18.csproj", "{064715C3-B30B-43ED-91EC-5A61784BD916}"
EndProject
Project("{FAE04EC0-301F-11D3-BF4B-00C04F79EFBC}") = "Teht19", "Teht19\Teht19.csproj", "{B4ED6254-F109-405A-A18F-203F6CCCB07F}"
EndProject
Global
	GlobalSection(SolutionConfigurationPlatforms) = preSolution
		Debug|Any CPU = Debug|Any CPU
		Release|Any CPU = Release|Any CPU
	EndGlobalSection
	GlobalSection(ProjectConfigurationPlatforms) = postSolution
		{9BA15660-898A-4ED1-B360-495867878DD5}.Debug|Any CPU.ActiveCfg = Debug|Any CPU
		{9BA15660-898A-4ED1-B360-495867878DD5}.Debug|Any CPU.Build.0 = Debug|Any CPU
		{9BA15660-898A-4ED1-B360-495867878DD5}.Release|Any CPU.ActiveCfg = Release|Any CPU
		{9BA15660-898A-4ED1-B360-495867878DD5}.Release|Any CPU.Build.0 = Release|Any CPU
		{07230038-D0DF-4660-B0CE-203E7E812742}.Debug|Any CPU.ActiveCfg = Debug|Any CPU
		{07230038-D0DF-4660-B0CE-203E7E812742}.Debug|Any CPU.Build.0 = Debug|Any CPU
		{07230038-D0DF-4660-B0CE-203E7E812742}.Release|Any CPU.ActiveCfg = Release|Any CPU
		{07230038-D0DF-4660-B0CE-203E7E812742}.Release|Any CPU.Build.0 = Release|Any CPU
		{45BD3E65-5329-4483-BA63-7A45721FF15C}.Debug|Any CPU.ActiveCfg = Debug|Any CPU
		{45BD3E65-5329-4483-BA63-7A45721FF15C}.Debug|Any CPU.Build.0 = Debug|Any CPU
		{45BD3E65-5329-4483-BA63-7A45721FF15C}.Release|Any CPU.ActiveCfg = Release|Any CPU
		{45BD3E65-5329-4483-BA63-7A45721FF15C}.Release|Any CPU.Build.0 = Release|Any CPU
		{9FF83188-90D8-40D0-A59D-A722D5A2E4BF}.Debug|Any CPU.ActiveCfg = Debug|Any CPU
		{9FF83188-90D8-40D0-A59D-A722D5A2E4BF}.Debug|Any CPU.Build.0 = Debug|Any CPU
		{9FF83188-90D8-40D0-A59D-A722D5A2E4BF}.Release|Any CPU.ActiveCfg = Release|Any CPU
		{9FF83188-90D8-40D0-A59D-A722D5A2E4BF}.Release|Any CPU.Build.0 = Release|Any CPU
		{D873BB4E-71A3-4E12-8162-F748D58E7CF4}.Debug|Any CPU.ActiveCfg = Debug|Any CPU
		{D873BB4E-71A3-4E12-8162-F748D58E7CF4}.Debug|Any CPU.Build.0 = Debug|Any CPU
		{D873BB4E-71A3-4E12-8162-F748D58E7CF4}.Release|Any CPU.ActiveCfg = Release|Any CPU
		{D873BB4E-71A3-4E12-8162-F748D58E7CF4}.Release|Any CPU.Build.0 = Release|Any CPU
		{F06E0C6C-669D-451C-93FF-BDA786FE2870}.Debug|Any CPU.ActiveCfg = Debug|Any CPU
		{F06E0C6C-669D-451C-93FF-BDA786FE2870}.Debug|Any CPU.Build.0 = Debug|Any CPU
		{F06E0C6C-669D-451C-93FF-BDA786FE2870}.Release|Any CPU.ActiveCfg = Release|Any CPU
		{F06E0C6C-669D-451C-93FF-BDA786FE2870}.Release|Any CPU.Build.0 = Release|Any CPU
		{74CCFB36-957E-4413-A677-759388E63326}.Debug|Any CPU.ActiveCfg = Debug|Any CPU
		{74CCFB36-957E-4413-A677-759388E63326}.Debug|Any CPU.Build.0 = Debug|Any CPU
		{74CCFB36-957E-4413-A677-759388E63326}.Release|Any CPU.ActiveCfg = Release|Any CPU
		{74CCFB36-957E-4413-A677-759388E63326}.Release|Any CPU.Build.0 = Release|Any CPU
		{B94ACA70-7F8A-4CB0-A56F-6C6685B0A247}.Debug|Any CPU.ActiveCfg = Debug|Any CPU
		{B94ACA70-7F8A-4CB0-A56F-6C6685B0A247}.Debug|Any CPU.Build.0 = Debug|Any CPU
		{B94ACA70-7F8A-4CB0-A56F-6C6685B0A247}.Release|Any CPU.ActiveCfg = Release|Any CPU
		{B94ACA70-7F8A-4CB0-A56F-6C6685B0A247}.Release|Any CPU.Build.0 = Release|Any CPU
		{7F326F03-2932-422B-9981-86103A330508}.Debug|Any CPU.ActiveCfg = Debug|Any CPU
		{7F326F03-2932-422B-9981-86103A330508}.Debug|Any CPU.Build.0 = Debug|Any CPU
		{7F326F03-2932-422B-9981-86103A330508}.Release|Any CPU.ActiveCfg = Release|Any CPU
		{7F326F03-2932-422B-9981-86103A330508}.Release|Any CPU.Build.0 = Release|Any CPU
		{75D096FA-62B9-42DB-A206-6A07A5557041}.Debug|Any CPU.ActiveCfg = Debug|Any CPU
		{75D096FA-62B9-42DB-A206-6A07A5557041}.Debug|Any CPU.Build.0 = Debug|Any CPU
		{75D096FA-62B9-42DB-A206-6A07A5557041}.Release|Any CPU.ActiveCfg = Release|Any CPU
		{75D096FA-62B9-42DB-A206-6A07A5557041}.Release|Any CPU.Build.0 = Release|Any CPU
		{B535C636-E9A7-42F9-9AD7-5DFC144D7D60}.Debug|Any CPU.ActiveCfg = Debug|Any CPU
		{B535C636-E9A7-42F9-9AD7-5DFC144D7D60}.Debug|Any CPU.Build.0 = Debug|Any CPU
		{B535C636-E9A7-42F9-9AD7-5DFC144D7D60}.Release|Any CPU.ActiveCfg = Release|Any CPU
		{B535C636-E9A7-42F9-9AD7-5DFC144D7D60}.Release|Any CPU.Build.0 = Release|Any CPU
		{874DAA2A-0896-46C3-A63A-0999EB22D795}.Debug|Any CPU.ActiveCfg = Debug|Any CPU
		{874DAA2A-0896-46C3-A63A-0999EB22D795}.Debug|Any CPU.Build.0 = Debug|Any CPU
		{874DAA2A-0896-46C3-A63A-0999EB22D795}.Release|Any CPU.ActiveCfg = Release|Any CPU
		{874DAA2A-0896-46C3-A63A-0999EB22D795}.Release|Any CPU.Build.0 = Release|Any CPU
		{1589F8F4-A174-4547-BFDE-B69E18E4C74A}.Debug|Any CPU.ActiveCfg = Debug|Any CPU
		{1589F8F4-A174-4547-BFDE-B69E18E4C74A}.Debug|Any CPU.Build.0 = Debug|Any CPU
		{1589F8F4-A174-4547-BFDE-B69E18E4C74A}.Release|Any CPU.ActiveCfg = Release|Any CPU
		{1589F8F4-A174-4547-BFDE-B69E18E4C74A}.Release|Any CPU.Build.0 = Release|Any CPU
		{77374A7D-9022-4B7D-B4F7-E5C27847E30B}.Debug|Any CPU.ActiveCfg = Debug|Any CPU
		{77374A7D-9022-4B7D-B4F7-E5C27847E30B}.Debug|Any CPU.Build.0 = Debug|Any CPU
		{77374A7D-9022-4B7D-B4F7-E5C27847E30B}.Release|Any CPU.ActiveCfg = Release|Any CPU
		{77374A7D-9022-4B7D-B4F7-E5C27847E30B}.Release|Any CPU.Build.0 = Release|Any CPU
		{4BA41603-42D3-4D62-92D4-435BB0597B66}.Debug|Any CPU.ActiveCfg = Debug|Any CPU
		{4BA41603-42D3-4D62-92D4-435BB0597B66}.Debug|Any CPU.Build.0 = Debug|Any CPU
		{4BA41603-42D3-4D62-92D4-435BB0597B66}.Release|Any CPU.ActiveCfg = Release|Any CPU
		{4BA41603-42D3-4D62-92D4-435BB0597B66}.Release|Any CPU.Build.0 = Release|Any CPU
		{A66B7C08-92A2-493E-AABB-EFFD5A6B3F1B}.Debug|Any CPU.ActiveCfg = Debug|Any CPU
		{A66B7C08-92A2-493E-AABB-EFFD5A6B3F1B}.Debug|Any CPU.Build.0 = Debug|Any CPU
		{A66B7C08-92A2-493E-AABB-EFFD5A6B3F1B}.Release|Any CPU.ActiveCfg = Release|Any CPU
		{A66B7C08-92A2-493E-AABB-EFFD5A6B3F1B}.Release|Any CPU.Build.0 = Release|Any CPU
		{77961A67-8228-4A56-9DDC-BDC6BD1C014C}.Debug|Any CPU.ActiveCfg = Debug|Any CPU
		{77961A67-8228-4A56-9DDC-BDC6BD1C014C}.Debug|Any CPU.Build.0 = Debug|Any CPU
		{77961A67-8228-4A56-9DDC-BDC6BD1C014C}.Release|Any CPU.ActiveCfg = Release|Any CPU
		{77961A67-8228-4A56-9DDC-BDC6BD1C014C}.Release|Any CPU.Build.0 = Release|Any CPU
		{4EBAA4F6-B05B-478B-BA67-4643111E00CA}.Debug|Any CPU.ActiveCfg = Debug|Any CPU
		{4EBAA4F6-B05B-478B-BA67-4643111E00CA}.Debug|Any CPU.Build.0 = Debug|Any CPU
		{4EBAA4F6-B05B-478B-BA67-4643111E00CA}.Release|Any CPU.ActiveCfg = Release|Any CPU
		{4EBAA4F6-B05B-478B-BA67-4643111E00CA}.Release|Any CPU.Build.0 = Release|Any CPU
		{064715C3-B30B-43ED-91EC-5A61784BD916}.Debug|Any CPU.ActiveCfg = Debug|Any CPU
		{064715C3-B30B-43ED-91EC-5A61784BD916}.Debug|Any CPU.Build.0 = Debug|Any CPU
		{064715C3-B30B-43ED-91EC-5A61784BD916}.Release|Any CPU.ActiveCfg = Release|Any CPU
		{064715C3-B30B-43ED-91EC-5A61784BD916}.Release|Any CPU.Build.0 = Release|Any CPU
		{B4ED6254-F109-405A-A18F-203F6CCCB07F}.Debug|Any CPU.ActiveCfg = Debug|Any CPU
		{B4ED6254-F109-405A-A18F-203F6CCCB07F}.Debug|Any CPU.Build.0 = Debug|Any CPU
		{B4ED6254-F109-405A-A18F-203F6CCCB07F}.Release|Any CPU.ActiveCfg = Release|Any CPU
		{B4ED6254-F109-405A-A18F-203F6CCCB07F}.Release|Any CPU.Build.0 = Release|Any CPU
	EndGlobalSection
	GlobalSection(SolutionProperties) = preSolution
		HideSolutionNode = FALSE
	EndGlobalSection
EndGlobal
